
Microsoft Visual Studio Solution File, Format Version 12.00
# Visual Studio Version 17
VisualStudioVersion = 17.1.32414.318
MinimumVisualStudioVersion = 10.0.40219.1
Project("{FAE04EC0-301F-11D3-BF4B-00C04F79EFBC}") = "EntityFrameWork", "EntityFrameWork\EntityFrameWork.csproj", "{FFBB15B6-263F-4D7D-979F-86B01FB1BB27}"
EndProject
Project("{FAE04EC0-301F-11D3-BF4B-00C04F79EFBC}") = "winFormSqlFirst", "winFormSqlFirst\winFormSqlFirst.csproj", "{54C447AC-C44C-4E14-ABE1-3E3EC7858D7A}"
EndProject
Global
	GlobalSection(SolutionConfigurationPlatforms) = preSolution
		Debug|Any CPU = Debug|Any CPU
		Release|Any CPU = Release|Any CPU
	EndGlobalSection
	GlobalSection(ProjectConfigurationPlatforms) = postSolution
		{FFBB15B6-263F-4D7D-979F-86B01FB1BB27}.Debug|Any CPU.ActiveCfg = Debug|Any CPU
		{FFBB15B6-263F-4D7D-979F-86B01FB1BB27}.Debug|Any CPU.Build.0 = Debug|Any CPU
		{FFBB15B6-263F-4D7D-979F-86B01FB1BB27}.Release|Any CPU.ActiveCfg = Release|Any CPU
		{FFBB15B6-263F-4D7D-979F-86B01FB1BB27}.Release|Any CPU.Build.0 = Release|Any CPU
		{54C447AC-C44C-4E14-ABE1-3E3EC7858D7A}.Debug|Any CPU.ActiveCfg = Debug|Any CPU
		{54C447AC-C44C-4E14-ABE1-3E3EC7858D7A}.Debug|Any CPU.Build.0 = Debug|Any CPU
		{54C447AC-C44C-4E14-ABE1-3E3EC7858D7A}.Release|Any CPU.ActiveCfg = Release|Any CPU
		{54C447AC-C44C-4E14-ABE1-3E3EC7858D7A}.Release|Any CPU.Build.0 = Release|Any CPU
	EndGlobalSection
	GlobalSection(SolutionProperties) = preSolution
		HideSolutionNode = FALSE
	EndGlobalSection
	GlobalSection(ExtensibilityGlobals) = postSolution
		SolutionGuid = {3284C00E-1A8A-4D21-B14D-B03055380D42}
	EndGlobalSection
EndGlobal
