
Microsoft Visual Studio Solution File, Format Version 12.00
# Visual Studio Version 17
VisualStudioVersion = 17.2.32526.322
MinimumVisualStudioVersion = 10.0.40219.1
Project("{9A19103F-16F7-4668-BE54-9A1E7A4F7556}") = "TryDependancyInjection", "TryDependancyInjection\TryDependancyInjection.csproj", "{378E6A91-4826-4C78-9ABB-819C2EE6A3CF}"
EndProject
Project("{FAE04EC0-301F-11D3-BF4B-00C04F79EFBC}") = "AppFromScratch", "AppFromScratch\AppFromScratch.csproj", "{F9705B06-24E2-492E-931C-3286007BEB18}"
EndProject
Global
	GlobalSection(SolutionConfigurationPlatforms) = preSolution
		Debug|Any CPU = Debug|Any CPU
		Release|Any CPU = Release|Any CPU
	EndGlobalSection
	GlobalSection(ProjectConfigurationPlatforms) = postSolution
		{378E6A91-4826-4C78-9ABB-819C2EE6A3CF}.Debug|Any CPU.ActiveCfg = Debug|Any CPU
		{378E6A91-4826-4C78-9ABB-819C2EE6A3CF}.Debug|Any CPU.Build.0 = Debug|Any CPU
		{378E6A91-4826-4C78-9ABB-819C2EE6A3CF}.Release|Any CPU.ActiveCfg = Release|Any CPU
		{378E6A91-4826-4C78-9ABB-819C2EE6A3CF}.Release|Any CPU.Build.0 = Release|Any CPU
		{F9705B06-24E2-492E-931C-3286007BEB18}.Debug|Any CPU.ActiveCfg = Debug|Any CPU
		{F9705B06-24E2-492E-931C-3286007BEB18}.Debug|Any CPU.Build.0 = Debug|Any CPU
		{F9705B06-24E2-492E-931C-3286007BEB18}.Release|Any CPU.ActiveCfg = Release|Any CPU
		{F9705B06-24E2-492E-931C-3286007BEB18}.Release|Any CPU.Build.0 = Release|Any CPU
	EndGlobalSection
	GlobalSection(SolutionProperties) = preSolution
		HideSolutionNode = FALSE
	EndGlobalSection
	GlobalSection(ExtensibilityGlobals) = postSolution
		SolutionGuid = {6DBA2D78-C391-49E9-ACBF-38E8FDE64325}
	EndGlobalSection
EndGlobal
