
Microsoft Visual Studio Solution File, Format Version 12.00
# Visual Studio Version 17
VisualStudioVersion = 17.2.32526.322
MinimumVisualStudioVersion = 10.0.40219.1
Project("{FAE04EC0-301F-11D3-BF4B-00C04F79EFBC}") = "StudentsCourses", "StudentsCourses\StudentsCourses.csproj", "{BC1C4B42-2F76-469F-A32F-63627F00E002}"
EndProject
Global
	GlobalSection(SolutionConfigurationPlatforms) = preSolution
		Debug|Any CPU = Debug|Any CPU
		Release|Any CPU = Release|Any CPU
	EndGlobalSection
	GlobalSection(ProjectConfigurationPlatforms) = postSolution
		{BC1C4B42-2F76-469F-A32F-63627F00E002}.Debug|Any CPU.ActiveCfg = Debug|Any CPU
		{BC1C4B42-2F76-469F-A32F-63627F00E002}.Debug|Any CPU.Build.0 = Debug|Any CPU
		{BC1C4B42-2F76-469F-A32F-63627F00E002}.Release|Any CPU.ActiveCfg = Release|Any CPU
		{BC1C4B42-2F76-469F-A32F-63627F00E002}.Release|Any CPU.Build.0 = Release|Any CPU
	EndGlobalSection
	GlobalSection(SolutionProperties) = preSolution
		HideSolutionNode = FALSE
	EndGlobalSection
	GlobalSection(ExtensibilityGlobals) = postSolution
		SolutionGuid = {8D2E5305-AC15-4AC9-9AF8-612B4BE59349}
	EndGlobalSection
EndGlobal
