
Microsoft Visual Studio Solution File, Format Version 12.00
# Visual Studio Version 17
VisualStudioVersion = 17.2.32526.322
MinimumVisualStudioVersion = 10.0.40219.1
Project("{FAE04EC0-301F-11D3-BF4B-00C04F79EFBC}") = "TryActions", "TryActions\TryActions.csproj", "{8F18C363-F4C8-4F89-A667-9119A9733A29}"
EndProject
Project("{FAE04EC0-301F-11D3-BF4B-00C04F79EFBC}") = "TryViews", "TryViews\TryViews.csproj", "{569FB9D5-7421-4082-9F90-204C2B87E8DE}"
EndProject
Project("{FAE04EC0-301F-11D3-BF4B-00C04F79EFBC}") = "TryLayout", "TryLayout\TryLayout.csproj", "{AE80B0C0-8B6C-4005-941D-80C8EFB099DA}"
EndProject
Global
	GlobalSection(SolutionConfigurationPlatforms) = preSolution
		Debug|Any CPU = Debug|Any CPU
		Release|Any CPU = Release|Any CPU
	EndGlobalSection
	GlobalSection(ProjectConfigurationPlatforms) = postSolution
		{8F18C363-F4C8-4F89-A667-9119A9733A29}.Debug|Any CPU.ActiveCfg = Debug|Any CPU
		{8F18C363-F4C8-4F89-A667-9119A9733A29}.Debug|Any CPU.Build.0 = Debug|Any CPU
		{8F18C363-F4C8-4F89-A667-9119A9733A29}.Release|Any CPU.ActiveCfg = Release|Any CPU
		{8F18C363-F4C8-4F89-A667-9119A9733A29}.Release|Any CPU.Build.0 = Release|Any CPU
		{569FB9D5-7421-4082-9F90-204C2B87E8DE}.Debug|Any CPU.ActiveCfg = Debug|Any CPU
		{569FB9D5-7421-4082-9F90-204C2B87E8DE}.Debug|Any CPU.Build.0 = Debug|Any CPU
		{569FB9D5-7421-4082-9F90-204C2B87E8DE}.Release|Any CPU.ActiveCfg = Release|Any CPU
		{569FB9D5-7421-4082-9F90-204C2B87E8DE}.Release|Any CPU.Build.0 = Release|Any CPU
		{AE80B0C0-8B6C-4005-941D-80C8EFB099DA}.Debug|Any CPU.ActiveCfg = Debug|Any CPU
		{AE80B0C0-8B6C-4005-941D-80C8EFB099DA}.Debug|Any CPU.Build.0 = Debug|Any CPU
		{AE80B0C0-8B6C-4005-941D-80C8EFB099DA}.Release|Any CPU.ActiveCfg = Release|Any CPU
		{AE80B0C0-8B6C-4005-941D-80C8EFB099DA}.Release|Any CPU.Build.0 = Release|Any CPU
	EndGlobalSection
	GlobalSection(SolutionProperties) = preSolution
		HideSolutionNode = FALSE
	EndGlobalSection
	GlobalSection(ExtensibilityGlobals) = postSolution
		SolutionGuid = {7D9BCB4B-0253-4170-8618-1F15B880D704}
	EndGlobalSection
EndGlobal
