
Microsoft Visual Studio Solution File, Format Version 12.00
# Visual Studio Version 17
VisualStudioVersion = 17.2.32526.322
MinimumVisualStudioVersion = 10.0.40219.1
Project("{FAE04EC0-301F-11D3-BF4B-00C04F79EFBC}") = "Api Car", "Api Car\Api Car.csproj", "{E52ED404-2185-4A80-90C3-B4BE71E64FDF}"
EndProject
Global
	GlobalSection(SolutionConfigurationPlatforms) = preSolution
		Debug|Any CPU = Debug|Any CPU
		Release|Any CPU = Release|Any CPU
	EndGlobalSection
	GlobalSection(ProjectConfigurationPlatforms) = postSolution
		{E52ED404-2185-4A80-90C3-B4BE71E64FDF}.Debug|Any CPU.ActiveCfg = Debug|Any CPU
		{E52ED404-2185-4A80-90C3-B4BE71E64FDF}.Debug|Any CPU.Build.0 = Debug|Any CPU
		{E52ED404-2185-4A80-90C3-B4BE71E64FDF}.Release|Any CPU.ActiveCfg = Release|Any CPU
		{E52ED404-2185-4A80-90C3-B4BE71E64FDF}.Release|Any CPU.Build.0 = Release|Any CPU
	EndGlobalSection
	GlobalSection(SolutionProperties) = preSolution
		HideSolutionNode = FALSE
	EndGlobalSection
	GlobalSection(ExtensibilityGlobals) = postSolution
		SolutionGuid = {2088FD1B-BD61-44D1-9C40-C3E09021097E}
	EndGlobalSection
EndGlobal
